
Microsoft Visual Studio Solution File, Format Version 12.00
# Visual Studio Version 17
VisualStudioVersion = 17.12.35707.178
MinimumVisualStudioVersion = 10.0.40219.1
Project("{FAE04EC0-301F-11D3-BF4B-00C04F79EFBC}") = "001.StupidPasswordGenerator", "001.StupidPasswordGenerator\001.StupidPasswordGenerator.csproj", "{4DB41F89-1D3C-4389-8731-427DA6EB4B37}"
EndProject
Project("{FAE04EC0-301F-11D3-BF4B-00C04F79EFBC}") = "002.MagicCombination", "002.MagicCombination\002.MagicCombination.csproj", "{BB3DF8C9-7A0D-45F0-AE64-79EE106510B1}"
EndProject
Project("{FAE04EC0-301F-11D3-BF4B-00C04F79EFBC}") = "003.StopNumber", "003.StopNumber\003.StopNumber.csproj", "{27CE2F61-F772-4501-A3EC-E01FF72940C5}"
EndProject
Global
	GlobalSection(SolutionConfigurationPlatforms) = preSolution
		Debug|Any CPU = Debug|Any CPU
		Release|Any CPU = Release|Any CPU
	EndGlobalSection
	GlobalSection(ProjectConfigurationPlatforms) = postSolution
		{4DB41F89-1D3C-4389-8731-427DA6EB4B37}.Debug|Any CPU.ActiveCfg = Debug|Any CPU
		{4DB41F89-1D3C-4389-8731-427DA6EB4B37}.Debug|Any CPU.Build.0 = Debug|Any CPU
		{4DB41F89-1D3C-4389-8731-427DA6EB4B37}.Release|Any CPU.ActiveCfg = Release|Any CPU
		{4DB41F89-1D3C-4389-8731-427DA6EB4B37}.Release|Any CPU.Build.0 = Release|Any CPU
		{BB3DF8C9-7A0D-45F0-AE64-79EE106510B1}.Debug|Any CPU.ActiveCfg = Debug|Any CPU
		{BB3DF8C9-7A0D-45F0-AE64-79EE106510B1}.Debug|Any CPU.Build.0 = Debug|Any CPU
		{BB3DF8C9-7A0D-45F0-AE64-79EE106510B1}.Release|Any CPU.ActiveCfg = Release|Any CPU
		{BB3DF8C9-7A0D-45F0-AE64-79EE106510B1}.Release|Any CPU.Build.0 = Release|Any CPU
		{27CE2F61-F772-4501-A3EC-E01FF72940C5}.Debug|Any CPU.ActiveCfg = Debug|Any CPU
		{27CE2F61-F772-4501-A3EC-E01FF72940C5}.Debug|Any CPU.Build.0 = Debug|Any CPU
		{27CE2F61-F772-4501-A3EC-E01FF72940C5}.Release|Any CPU.ActiveCfg = Release|Any CPU
		{27CE2F61-F772-4501-A3EC-E01FF72940C5}.Release|Any CPU.Build.0 = Release|Any CPU
	EndGlobalSection
	GlobalSection(SolutionProperties) = preSolution
		HideSolutionNode = FALSE
	EndGlobalSection
EndGlobal
