
Microsoft Visual Studio Solution File, Format Version 12.00
# Visual Studio Version 17
VisualStudioVersion = 17.12.35707.178
MinimumVisualStudioVersion = 10.0.40219.1
Project("{FAE04EC0-301F-11D3-BF4B-00C04F79EFBC}") = "001.NumbersWithStepThree", "001.NumbersWithStepThree\001.NumbersWithStepThree.csproj", "{7F4D720C-62B2-461B-8BEB-26062C9F2FF0}"
EndProject
Project("{FAE04EC0-301F-11D3-BF4B-00C04F79EFBC}") = "002.NumbersNToOne", "002.NumbersNToOne\002.NumbersNToOne.csproj", "{C224E039-8C86-40B3-AE21-838E5E25691F}"
EndProject
Project("{FAE04EC0-301F-11D3-BF4B-00C04F79EFBC}") = "003.PowersOfTwo", "003.PowersOfTwo\003.PowersOfTwo.csproj", "{2D29007E-A790-4848-A304-940CF22AB0D7}"
EndProject
Project("{FAE04EC0-301F-11D3-BF4B-00C04F79EFBC}") = "004.EvenPowersOfTwo", "004.EvenPowersOfTwo\004.EvenPowersOfTwo.csproj", "{FBD8CC6B-DDDD-41B5-B580-8709F1954297}"
EndProject
Project("{FAE04EC0-301F-11D3-BF4B-00C04F79EFBC}") = "005.SequenceTwoKPlusOne", "005.SequenceTwoKPlusOne\005.SequenceTwoKPlusOne.csproj", "{BB9BD5BB-C9ED-475A-BD4C-310A1D6D2BCF}"
EndProject
Project("{FAE04EC0-301F-11D3-BF4B-00C04F79EFBC}") = "006.NumberInRange", "006.NumberInRange\006.NumberInRange.csproj", "{647602D1-9241-49F3-8D50-35C564F7E964}"
EndProject
Project("{FAE04EC0-301F-11D3-BF4B-00C04F79EFBC}") = "007.GreatestCommonDivisor", "007.GreatestCommonDivisor\007.GreatestCommonDivisor.csproj", "{73F05132-9CF4-400B-9984-8DA1433EE041}"
EndProject
Project("{FAE04EC0-301F-11D3-BF4B-00C04F79EFBC}") = "008.Factorial", "008.Factorial\008.Factorial.csproj", "{B6E9AA90-821B-4706-92A8-B6EE70C86BB8}"
EndProject
Project("{FAE04EC0-301F-11D3-BF4B-00C04F79EFBC}") = "009.SumDigits", "009.SumDigits\009.SumDigits.csproj", "{6B8FB95D-041F-4739-987C-7B5BFC0D9513}"
EndProject
Project("{FAE04EC0-301F-11D3-BF4B-00C04F79EFBC}") = "010.CheckPrime", "010.CheckPrime\010.CheckPrime.csproj", "{87D205BC-62B4-4DD9-BD9B-9232246D5A6C}"
EndProject
Project("{FAE04EC0-301F-11D3-BF4B-00C04F79EFBC}") = "011.EnterEvenNumber", "011.EnterEvenNumber\011.EnterEvenNumber.csproj", "{8CD965AF-E26B-4912-A89D-B1ECAC489902}"
EndProject
Project("{FAE04EC0-301F-11D3-BF4B-00C04F79EFBC}") = "012.Fibonacci", "012.Fibonacci\012.Fibonacci.csproj", "{50788A12-74EB-4EAC-8128-11C9EF554BB2}"
EndProject
Project("{FAE04EC0-301F-11D3-BF4B-00C04F79EFBC}") = "013.NumberPyramid", "013.NumberPyramid\013.NumberPyramid.csproj", "{9C3544A3-7A41-4DD0-B412-0468414CC542}"
EndProject
Project("{FAE04EC0-301F-11D3-BF4B-00C04F79EFBC}") = "014.NumberTable", "014.NumberTable\014.NumberTable.csproj", "{34DB718D-4778-4C57-8B72-463D88C1B181}"
EndProject
Global
	GlobalSection(SolutionConfigurationPlatforms) = preSolution
		Debug|Any CPU = Debug|Any CPU
		Release|Any CPU = Release|Any CPU
	EndGlobalSection
	GlobalSection(ProjectConfigurationPlatforms) = postSolution
		{7F4D720C-62B2-461B-8BEB-26062C9F2FF0}.Debug|Any CPU.ActiveCfg = Debug|Any CPU
		{7F4D720C-62B2-461B-8BEB-26062C9F2FF0}.Debug|Any CPU.Build.0 = Debug|Any CPU
		{7F4D720C-62B2-461B-8BEB-26062C9F2FF0}.Release|Any CPU.ActiveCfg = Release|Any CPU
		{7F4D720C-62B2-461B-8BEB-26062C9F2FF0}.Release|Any CPU.Build.0 = Release|Any CPU
		{C224E039-8C86-40B3-AE21-838E5E25691F}.Debug|Any CPU.ActiveCfg = Debug|Any CPU
		{C224E039-8C86-40B3-AE21-838E5E25691F}.Debug|Any CPU.Build.0 = Debug|Any CPU
		{C224E039-8C86-40B3-AE21-838E5E25691F}.Release|Any CPU.ActiveCfg = Release|Any CPU
		{C224E039-8C86-40B3-AE21-838E5E25691F}.Release|Any CPU.Build.0 = Release|Any CPU
		{2D29007E-A790-4848-A304-940CF22AB0D7}.Debug|Any CPU.ActiveCfg = Debug|Any CPU
		{2D29007E-A790-4848-A304-940CF22AB0D7}.Debug|Any CPU.Build.0 = Debug|Any CPU
		{2D29007E-A790-4848-A304-940CF22AB0D7}.Release|Any CPU.ActiveCfg = Release|Any CPU
		{2D29007E-A790-4848-A304-940CF22AB0D7}.Release|Any CPU.Build.0 = Release|Any CPU
		{FBD8CC6B-DDDD-41B5-B580-8709F1954297}.Debug|Any CPU.ActiveCfg = Debug|Any CPU
		{FBD8CC6B-DDDD-41B5-B580-8709F1954297}.Debug|Any CPU.Build.0 = Debug|Any CPU
		{FBD8CC6B-DDDD-41B5-B580-8709F1954297}.Release|Any CPU.ActiveCfg = Release|Any CPU
		{FBD8CC6B-DDDD-41B5-B580-8709F1954297}.Release|Any CPU.Build.0 = Release|Any CPU
		{BB9BD5BB-C9ED-475A-BD4C-310A1D6D2BCF}.Debug|Any CPU.ActiveCfg = Debug|Any CPU
		{BB9BD5BB-C9ED-475A-BD4C-310A1D6D2BCF}.Debug|Any CPU.Build.0 = Debug|Any CPU
		{BB9BD5BB-C9ED-475A-BD4C-310A1D6D2BCF}.Release|Any CPU.ActiveCfg = Release|Any CPU
		{BB9BD5BB-C9ED-475A-BD4C-310A1D6D2BCF}.Release|Any CPU.Build.0 = Release|Any CPU
		{647602D1-9241-49F3-8D50-35C564F7E964}.Debug|Any CPU.ActiveCfg = Debug|Any CPU
		{647602D1-9241-49F3-8D50-35C564F7E964}.Debug|Any CPU.Build.0 = Debug|Any CPU
		{647602D1-9241-49F3-8D50-35C564F7E964}.Release|Any CPU.ActiveCfg = Release|Any CPU
		{647602D1-9241-49F3-8D50-35C564F7E964}.Release|Any CPU.Build.0 = Release|Any CPU
		{73F05132-9CF4-400B-9984-8DA1433EE041}.Debug|Any CPU.ActiveCfg = Debug|Any CPU
		{73F05132-9CF4-400B-9984-8DA1433EE041}.Debug|Any CPU.Build.0 = Debug|Any CPU
		{73F05132-9CF4-400B-9984-8DA1433EE041}.Release|Any CPU.ActiveCfg = Release|Any CPU
		{73F05132-9CF4-400B-9984-8DA1433EE041}.Release|Any CPU.Build.0 = Release|Any CPU
		{B6E9AA90-821B-4706-92A8-B6EE70C86BB8}.Debug|Any CPU.ActiveCfg = Debug|Any CPU
		{B6E9AA90-821B-4706-92A8-B6EE70C86BB8}.Debug|Any CPU.Build.0 = Debug|Any CPU
		{B6E9AA90-821B-4706-92A8-B6EE70C86BB8}.Release|Any CPU.ActiveCfg = Release|Any CPU
		{B6E9AA90-821B-4706-92A8-B6EE70C86BB8}.Release|Any CPU.Build.0 = Release|Any CPU
		{6B8FB95D-041F-4739-987C-7B5BFC0D9513}.Debug|Any CPU.ActiveCfg = Debug|Any CPU
		{6B8FB95D-041F-4739-987C-7B5BFC0D9513}.Debug|Any CPU.Build.0 = Debug|Any CPU
		{6B8FB95D-041F-4739-987C-7B5BFC0D9513}.Release|Any CPU.ActiveCfg = Release|Any CPU
		{6B8FB95D-041F-4739-987C-7B5BFC0D9513}.Release|Any CPU.Build.0 = Release|Any CPU
		{87D205BC-62B4-4DD9-BD9B-9232246D5A6C}.Debug|Any CPU.ActiveCfg = Debug|Any CPU
		{87D205BC-62B4-4DD9-BD9B-9232246D5A6C}.Debug|Any CPU.Build.0 = Debug|Any CPU
		{87D205BC-62B4-4DD9-BD9B-9232246D5A6C}.Release|Any CPU.ActiveCfg = Release|Any CPU
		{87D205BC-62B4-4DD9-BD9B-9232246D5A6C}.Release|Any CPU.Build.0 = Release|Any CPU
		{8CD965AF-E26B-4912-A89D-B1ECAC489902}.Debug|Any CPU.ActiveCfg = Debug|Any CPU
		{8CD965AF-E26B-4912-A89D-B1ECAC489902}.Debug|Any CPU.Build.0 = Debug|Any CPU
		{8CD965AF-E26B-4912-A89D-B1ECAC489902}.Release|Any CPU.ActiveCfg = Release|Any CPU
		{8CD965AF-E26B-4912-A89D-B1ECAC489902}.Release|Any CPU.Build.0 = Release|Any CPU
		{50788A12-74EB-4EAC-8128-11C9EF554BB2}.Debug|Any CPU.ActiveCfg = Debug|Any CPU
		{50788A12-74EB-4EAC-8128-11C9EF554BB2}.Debug|Any CPU.Build.0 = Debug|Any CPU
		{50788A12-74EB-4EAC-8128-11C9EF554BB2}.Release|Any CPU.ActiveCfg = Release|Any CPU
		{50788A12-74EB-4EAC-8128-11C9EF554BB2}.Release|Any CPU.Build.0 = Release|Any CPU
		{9C3544A3-7A41-4DD0-B412-0468414CC542}.Debug|Any CPU.ActiveCfg = Debug|Any CPU
		{9C3544A3-7A41-4DD0-B412-0468414CC542}.Debug|Any CPU.Build.0 = Debug|Any CPU
		{9C3544A3-7A41-4DD0-B412-0468414CC542}.Release|Any CPU.ActiveCfg = Release|Any CPU
		{9C3544A3-7A41-4DD0-B412-0468414CC542}.Release|Any CPU.Build.0 = Release|Any CPU
		{34DB718D-4778-4C57-8B72-463D88C1B181}.Debug|Any CPU.ActiveCfg = Debug|Any CPU
		{34DB718D-4778-4C57-8B72-463D88C1B181}.Debug|Any CPU.Build.0 = Debug|Any CPU
		{34DB718D-4778-4C57-8B72-463D88C1B181}.Release|Any CPU.ActiveCfg = Release|Any CPU
		{34DB718D-4778-4C57-8B72-463D88C1B181}.Release|Any CPU.Build.0 = Release|Any CPU
	EndGlobalSection
	GlobalSection(SolutionProperties) = preSolution
		HideSolutionNode = FALSE
	EndGlobalSection
EndGlobal
